// !$*UTF8*$!
{
	archiveVersion = 1;
	classes = {
	};
	objectVersion = 46;
	objects = {

/* Begin PBXBuildFile section */
		BD003F7E1C901F0200021B70 /* BaseObject.m in Sources */ = {isa = PBXBuildFile; fileRef = BD003F7D1C901F0200021B70 /* BaseObject.m */; };
		BD003F841C90236300021B70 /* User.m in Sources */ = {isa = PBXBuildFile; fileRef = BD003F831C90236300021B70 /* User.m */; };
		BD5642A21C843D1C005EAAF2 /* Assets.xcassets in Resources */ = {isa = PBXBuildFile; fileRef = BD5642991C843D1C005EAAF2 /* Assets.xcassets */; };
		BD5642A31C843D1C005EAAF2 /* LaunchScreen.storyboard in Resources */ = {isa = PBXBuildFile; fileRef = BD56429A1C843D1C005EAAF2 /* LaunchScreen.storyboard */; };
		BD5642A41C843D1C005EAAF2 /* Main.storyboard in Resources */ = {isa = PBXBuildFile; fileRef = BD56429C1C843D1C005EAAF2 /* Main.storyboard */; };
		BD5642A61C843D1C005EAAF2 /* main.m in Sources */ = {isa = PBXBuildFile; fileRef = BD56429F1C843D1C005EAAF2 /* main.m */; };
		BD5642AA1C843DB2005EAAF2 /* AppDelegate.m in Sources */ = {isa = PBXBuildFile; fileRef = BD5642A91C843DB2005EAAF2 /* AppDelegate.m */; };
		BD5642AE1C843DD5005EAAF2 /* ViewController.m in Sources */ = {isa = PBXBuildFile; fileRef = BD5642AD1C843DD5005EAAF2 /* ViewController.m */; settings = {COMPILER_FLAGS = "-fno-objc-arc"; }; };
		BD5642B21C843E35005EAAF2 /* Person.m in Sources */ = {isa = PBXBuildFile; fileRef = BD5642B11C843E35005EAAF2 /* Person.m */; };
		BD5642B61C843F4A005EAAF2 /* UIImage+RunTime.m in Sources */ = {isa = PBXBuildFile; fileRef = BD5642B51C843F4A005EAAF2 /* UIImage+RunTime.m */; };
		BDBD94331C852E7100097478 /* ants.jpg in Resources */ = {isa = PBXBuildFile; fileRef = BDBD94311C852E7100097478 /* ants.jpg */; };
		BDBD94341C852E7100097478 /* runtime.png in Resources */ = {isa = PBXBuildFile; fileRef = BDBD94321C852E7100097478 /* runtime.png */; };
/* End PBXBuildFile section */

/* Begin PBXFileReference section */
		BD003F7C1C901F0200021B70 /* BaseObject.h */ = {isa = PBXFileReference; fileEncoding = 4; lastKnownFileType = sourcecode.c.h; path = BaseObject.h; sourceTree = "<group>"; };
		BD003F7D1C901F0200021B70 /* BaseObject.m */ = {isa = PBXFileReference; fileEncoding = 4; lastKnownFileType = sourcecode.c.objc; path = BaseObject.m; sourceTree = "<group>"; };
		BD003F821C90236300021B70 /* User.h */ = {isa = PBXFileReference; fileEncoding = 4; lastKnownFileType = sourcecode.c.h; path = User.h; sourceTree = "<group>"; };
		BD003F831C90236300021B70 /* User.m */ = {isa = PBXFileReference; fileEncoding = 4; lastKnownFileType = sourcecode.c.objc; path = User.m; sourceTree = "<group>"; };
		BD5642781C843C87005EAAF2 /* RunTimeTest.app */ = {isa = PBXFileReference; explicitFileType = wrapper.application; includeInIndex = 0; path = RunTimeTest.app; sourceTree = BUILT_PRODUCTS_DIR; };
		BD5642991C843D1C005EAAF2 /* Assets.xcassets */ = {isa = PBXFileReference; lastKnownFileType = folder.assetcatalog; path = Assets.xcassets; sourceTree = "<group>"; };
		BD56429B1C843D1C005EAAF2 /* Base */ = {isa = PBXFileReference; lastKnownFileType = file.storyboard; name = Base; path = Base.lproj/LaunchScreen.storyboard; sourceTree = "<group>"; };
		BD56429D1C843D1C005EAAF2 /* Base */ = {isa = PBXFileReference; lastKnownFileType = file.storyboard; name = Base; path = Base.lproj/Main.storyboard; sourceTree = "<group>"; };
		BD56429E1C843D1C005EAAF2 /* Info.plist */ = {isa = PBXFileReference; fileEncoding = 4; lastKnownFileType = text.plist.xml; path = Info.plist; sourceTree = "<group>"; };
		BD56429F1C843D1C005EAAF2 /* main.m */ = {isa = PBXFileReference; fileEncoding = 4; lastKnownFileType = sourcecode.c.objc; path = main.m; sourceTree = "<group>"; };
		BD5642A81C843DB2005EAAF2 /* AppDelegate.h */ = {isa = PBXFileReference; fileEncoding = 4; lastKnownFileType = sourcecode.c.h; path = AppDelegate.h; sourceTree = "<group>"; };
		BD5642A91C843DB2005EAAF2 /* AppDelegate.m */ = {isa = PBXFileReference; fileEncoding = 4; lastKnownFileType = sourcecode.c.objc; path = AppDelegate.m; sourceTree = "<group>"; };
		BD5642AC1C843DD5005EAAF2 /* ViewController.h */ = {isa = PBXFileReference; fileEncoding = 4; lastKnownFileType = sourcecode.c.h; path = ViewController.h; sourceTree = "<group>"; };
		BD5642AD1C843DD5005EAAF2 /* ViewController.m */ = {isa = PBXFileReference; fileEncoding = 4; lastKnownFileType = sourcecode.c.objc; path = ViewController.m; sourceTree = "<group>"; };
		BD5642B01C843E35005EAAF2 /* Person.h */ = {isa = PBXFileReference; fileEncoding = 4; lastKnownFileType = sourcecode.c.h; path = Person.h; sourceTree = "<group>"; };
		BD5642B11C843E35005EAAF2 /* Person.m */ = {isa = PBXFileReference; fileEncoding = 4; lastKnownFileType = sourcecode.c.objc; path = Person.m; sourceTree = "<group>"; };
		BD5642B41C843F4A005EAAF2 /* UIImage+RunTime.h */ = {isa = PBXFileReference; fileEncoding = 4; lastKnownFileType = sourcecode.c.h; path = "UIImage+RunTime.h"; sourceTree = "<group>"; };
		BD5642B51C843F4A005EAAF2 /* UIImage+RunTime.m */ = {isa = PBXFileReference; fileEncoding = 4; lastKnownFileType = sourcecode.c.objc; path = "UIImage+RunTime.m"; sourceTree = "<group>"; };
		BDBD94311C852E7100097478 /* ants.jpg */ = {isa = PBXFileReference; lastKnownFileType = image.jpeg; path = ants.jpg; sourceTree = "<group>"; };
		BDBD94321C852E7100097478 /* runtime.png */ = {isa = PBXFileReference; lastKnownFileType = image.png; path = runtime.png; sourceTree = "<group>"; };
/* End PBXFileReference section */

/* Begin PBXFrameworksBuildPhase section */
		BD5642751C843C87005EAAF2 /* Frameworks */ = {
			isa = PBXFrameworksBuildPhase;
			buildActionMask = 2147483647;
			files = (
			);
			runOnlyForDeploymentPostprocessing = 0;
		};
/* End PBXFrameworksBuildPhase section */

/* Begin PBXGroup section */
		BD56426F1C843C87005EAAF2 = {
			isa = PBXGroup;
			children = (
				BD56427A1C843C87005EAAF2 /* RunTimeTest */,
				BD5642791C843C87005EAAF2 /* Products */,
			);
			sourceTree = "<group>";
		};
		BD5642791C843C87005EAAF2 /* Products */ = {
			isa = PBXGroup;
			children = (
				BD5642781C843C87005EAAF2 /* RunTimeTest.app */,
			);
			name = Products;
			sourceTree = "<group>";
		};
		BD56427A1C843C87005EAAF2 /* RunTimeTest */ = {
			isa = PBXGroup;
			children = (
				BD5642921C843D1C005EAAF2 /* Classes */,
				BD5642971C843D1C005EAAF2 /* Resources */,
				BD5642981C843D1C005EAAF2 /* Supporting Files */,
			);
			path = RunTimeTest;
			sourceTree = "<group>";
		};
		BD5642921C843D1C005EAAF2 /* Classes */ = {
			isa = PBXGroup;
			children = (
				BD5642B31C843EF1005EAAF2 /* Categores */,
				BD5642AB1C843DD5005EAAF2 /* Modules */,
				BD5642A71C843DB2005EAAF2 /* AppDelegate */,
			);
			path = Classes;
			sourceTree = "<group>";
		};
		BD5642971C843D1C005EAAF2 /* Resources */ = {
			isa = PBXGroup;
			children = (
				BDBD94301C852E7100097478 /* Images */,
			);
			path = Resources;
			sourceTree = "<group>";
		};
		BD5642981C843D1C005EAAF2 /* Supporting Files */ = {
			isa = PBXGroup;
			children = (
				BD5642991C843D1C005EAAF2 /* Assets.xcassets */,
				BD56429A1C843D1C005EAAF2 /* LaunchScreen.storyboard */,
				BD56429C1C843D1C005EAAF2 /* Main.storyboard */,
				BD56429E1C843D1C005EAAF2 /* Info.plist */,
				BD56429F1C843D1C005EAAF2 /* main.m */,
			);
			path = "Supporting Files";
			sourceTree = "<group>";
		};
		BD5642A71C843DB2005EAAF2 /* AppDelegate */ = {
			isa = PBXGroup;
			children = (
				BD5642A81C843DB2005EAAF2 /* AppDelegate.h */,
				BD5642A91C843DB2005EAAF2 /* AppDelegate.m */,
			);
			path = AppDelegate;
			sourceTree = "<group>";
		};
		BD5642AB1C843DD5005EAAF2 /* Modules */ = {
			isa = PBXGroup;
			children = (
				BD5642AF1C843E09005EAAF2 /* RunTime */,
				BD5642AC1C843DD5005EAAF2 /* ViewController.h */,
				BD5642AD1C843DD5005EAAF2 /* ViewController.m */,
			);
			path = Modules;
			sourceTree = "<group>";
		};
		BD5642AF1C843E09005EAAF2 /* RunTime */ = {
			isa = PBXGroup;
			children = (
				BD5642B01C843E35005EAAF2 /* Person.h */,
				BD5642B11C843E35005EAAF2 /* Person.m */,
				BD003F7C1C901F0200021B70 /* BaseObject.h */,
				BD003F7D1C901F0200021B70 /* BaseObject.m */,
				BD003F821C90236300021B70 /* User.h */,
				BD003F831C90236300021B70 /* User.m */,
			);
			path = RunTime;
			sourceTree = "<group>";
		};
		BD5642B31C843EF1005EAAF2 /* Categores */ = {
			isa = PBXGroup;
			children = (
				BD5642B41C843F4A005EAAF2 /* UIImage+RunTime.h */,
				BD5642B51C843F4A005EAAF2 /* UIImage+RunTime.m */,
			);
			path = Categores;
			sourceTree = "<group>";
		};
		BDBD94301C852E7100097478 /* Images */ = {
			isa = PBXGroup;
			children = (
				BDBD94311C852E7100097478 /* ants.jpg */,
				BDBD94321C852E7100097478 /* runtime.png */,
			);
			path = Images;
			sourceTree = "<group>";
		};
/* End PBXGroup section */

/* Begin PBXNativeTarget section */
		BD5642771C843C87005EAAF2 /* RunTimeTest */ = {
			isa = PBXNativeTarget;
			buildConfigurationList = BD56428F1C843C87005EAAF2 /* Build configuration list for PBXNativeTarget "RunTimeTest" */;
			buildPhases = (
				BD5642741C843C87005EAAF2 /* Sources */,
				BD5642751C843C87005EAAF2 /* Frameworks */,
				BD5642761C843C87005EAAF2 /* Resources */,
			);
			buildRules = (
			);
			dependencies = (
			);
			name = RunTimeTest;
			productName = RunTimeTest;
			productReference = BD5642781C843C87005EAAF2 /* RunTimeTest.app */;
			productType = "com.apple.product-type.application";
		};
/* End PBXNativeTarget section */

/* Begin PBXProject section */
		BD5642701C843C87005EAAF2 /* Project object */ = {
			isa = PBXProject;
			attributes = {
				LastUpgradeCheck = 0710;
				ORGANIZATIONNAME = guzhiyang;
				TargetAttributes = {
					BD5642771C843C87005EAAF2 = {
						CreatedOnToolsVersion = 7.1.1;
					};
				};
			};
			buildConfigurationList = BD5642731C843C87005EAAF2 /* Build configuration list for PBXProject "RunTimeTest" */;
			compatibilityVersion = "Xcode 3.2";
			developmentRegion = English;
			hasScannedForEncodings = 0;
			knownRegions = (
				en,
				Base,
			);
			mainGroup = BD56426F1C843C87005EAAF2;
			productRefGroup = BD5642791C843C87005EAAF2 /* Products */;
			projectDirPath = "";
			projectRoot = "";
			targets = (
				BD5642771C843C87005EAAF2 /* RunTimeTest */,
			);
		};
/* End PBXProject section */

/* Begin PBXResourcesBuildPhase section */
		BD5642761C843C87005EAAF2 /* Resources */ = {
			isa = PBXResourcesBuildPhase;
			buildActionMask = 2147483647;
			files = (
				BD5642A41C843D1C005EAAF2 /* Main.storyboard in Resources */,
				BDBD94331C852E7100097478 /* ants.jpg in Resources */,
				BD5642A21C843D1C005EAAF2 /* Assets.xcassets in Resources */,
				BDBD94341C852E7100097478 /* runtime.png in Resources */,
				BD5642A31C843D1C005EAAF2 /* LaunchScreen.storyboard in Resources */,
			);
			runOnlyForDeploymentPostprocessing = 0;
		};
/* End PBXResourcesBuildPhase section */

/* Begin PBXSourcesBuildPhase section */
		BD5642741C843C87005EAAF2 /* Sources */ = {
			isa = PBXSourcesBuildPhase;
			buildActionMask = 2147483647;
			files = (
				BD5642AE1C843DD5005EAAF2 /* ViewController.m in Sources */,
				BD003F841C90236300021B70 /* User.m in Sources */,
				BD003F7E1C901F0200021B70 /* BaseObject.m in Sources */,
				BD5642A61C843D1C005EAAF2 /* main.m in Sources */,
				BD5642B21C843E35005EAAF2 /* Person.m in Sources */,
				BD5642B61C843F4A005EAAF2 /* UIImage+RunTime.m in Sources */,
				BD5642AA1C843DB2005EAAF2 /* AppDelegate.m in Sources */,
			);
			runOnlyForDeploymentPostprocessing = 0;
		};
/* End PBXSourcesBuildPhase section */

/* Begin PBXVariantGroup section */
		BD56429A1C843D1C005EAAF2 /* LaunchScreen.storyboard */ = {
			isa = PBXVariantGroup;
			children = (
				BD56429B1C843D1C005EAAF2 /* Base */,
			);
			name = LaunchScreen.storyboard;
			sourceTree = "<group>";
		};
		BD56429C1C843D1C005EAAF2 /* Main.storyboard */ = {
			isa = PBXVariantGroup;
			children = (
				BD56429D1C843D1C005EAAF2 /* Base */,
			);
			name = Main.storyboard;
			sourceTree = "<group>";
		};
/* End PBXVariantGroup section */

/* Begin XCBuildConfiguration section */
		BD56428D1C843C87005EAAF2 /* Debug */ = {
			isa = XCBuildConfiguration;
			buildSettings = {
				ALWAYS_SEARCH_USER_PATHS = NO;
				CLANG_CXX_LANGUAGE_STANDARD = "gnu++0x";
				CLANG_CXX_LIBRARY = "libc++";
				CLANG_ENABLE_MODULES = YES;
				CLANG_ENABLE_OBJC_ARC = YES;
				CLANG_WARN_BOOL_CONVERSION = YES;
				CLANG_WARN_CONSTANT_CONVERSION = YES;
				CLANG_WARN_DIRECT_OBJC_ISA_USAGE = YES_ERROR;
				CLANG_WARN_EMPTY_BODY = YES;
				CLANG_WARN_ENUM_CONVERSION = YES;
				CLANG_WARN_INT_CONVERSION = YES;
				CLANG_WARN_OBJC_ROOT_CLASS = YES_ERROR;
				CLANG_WARN_UNREACHABLE_CODE = YES;
				CLANG_WARN__DUPLICATE_METHOD_MATCH = YES;
				"CODE_SIGN_IDENTITY[sdk=iphoneos*]" = "iPhone Developer";
				COPY_PHASE_STRIP = NO;
				DEBUG_INFORMATION_FORMAT = dwarf;
				ENABLE_STRICT_OBJC_MSGSEND = YES;
				ENABLE_TESTABILITY = YES;
				GCC_C_LANGUAGE_STANDARD = gnu99;
				GCC_DYNAMIC_NO_PIC = NO;
				GCC_NO_COMMON_BLOCKS = YES;
				GCC_OPTIMIZATION_LEVEL = 0;
				GCC_PREPROCESSOR_DEFINITIONS = (
					"DEBUG=1",
					"$(inherited)",
				);
				GCC_WARN_64_TO_32_BIT_CONVERSION = YES;
				GCC_WARN_ABOUT_RETURN_TYPE = YES_ERROR;
				GCC_WARN_UNDECLARED_SELECTOR = YES;
				GCC_WARN_UNINITIALIZED_AUTOS = YES_AGGRESSIVE;
				GCC_WARN_UNUSED_FUNCTION = YES;
				GCC_WARN_UNUSED_VARIABLE = YES;
				IPHONEOS_DEPLOYMENT_TARGET = 9.1;
				MTL_ENABLE_DEBUG_INFO = YES;
				ONLY_ACTIVE_ARCH = YES;
				SDKROOT = iphoneos;
			};
			name = Debug;
		};
		BD56428E1C843C87005EAAF2 /* Release */ = {
			isa = XCBuildConfiguration;
			buildSettings = {
				ALWAYS_SEARCH_USER_PATHS = NO;
				CLANG_CXX_LANGUAGE_STANDARD = "gnu++0x";
				CLANG_CXX_LIBRARY = "libc++";
				CLANG_ENABLE_MODULES = YES;
				CLANG_ENABLE_OBJC_ARC = YES;
				CLANG_WARN_BOOL_CONVERSION = YES;
				CLANG_WARN_CONSTANT_CONVERSION = YES;
				CLANG_WARN_DIRECT_OBJC_ISA_USAGE = YES_ERROR;
				CLANG_WARN_EMPTY_BODY = YES;
				CLANG_WARN_ENUM_CONVERSION = YES;
				CLANG_WARN_INT_CONVERSION = YES;
				CLANG_WARN_OBJC_ROOT_CLASS = YES_ERROR;
				CLANG_WARN_UNREACHABLE_CODE = YES;
				CLANG_WARN__DUPLICATE_METHOD_MATCH = YES;
				"CODE_SIGN_IDENTITY[sdk=iphoneos*]" = "iPhone Developer";
				COPY_PHASE_STRIP = NO;
				DEBUG_INFORMATION_FORMAT = "dwarf-with-dsym";
				ENABLE_NS_ASSERTIONS = NO;
				ENABLE_STRICT_OBJC_MSGSEND = YES;
				GCC_C_LANGUAGE_STANDARD = gnu99;
				GCC_NO_COMMON_BLOCKS = YES;
				GCC_WARN_64_TO_32_BIT_CONVERSION = YES;
				GCC_WARN_ABOUT_RETURN_TYPE = YES_ERROR;
				GCC_WARN_UNDECLARED_SELECTOR = YES;
				GCC_WARN_UNINITIALIZED_AUTOS = YES_AGGRESSIVE;
				GCC_WARN_UNUSED_FUNCTION = YES;
				GCC_WARN_UNUSED_VARIABLE = YES;
				IPHONEOS_DEPLOYMENT_TARGET = 9.1;
				MTL_ENABLE_DEBUG_INFO = NO;
				SDKROOT = iphoneos;
				VALIDATE_PRODUCT = YES;
			};
			name = Release;
		};
		BD5642901C843C87005EAAF2 /* Debug */ = {
			isa = XCBuildConfiguration;
			buildSettings = {
				ASSETCATALOG_COMPILER_APPICON_NAME = AppIcon;
				INFOPLIST_FILE = "RunTimeTest/Supporting Files/Info.plist";
				LD_RUNPATH_SEARCH_PATHS = "$(inherited) @executable_path/Frameworks";
				PRODUCT_BUNDLE_IDENTIFIER = com.certne.RunTimeTest;
				PRODUCT_NAME = "$(TARGET_NAME)";
			};
			name = Debug;
		};
		BD5642911C843C87005EAAF2 /* Release */ = {
			isa = XCBuildConfiguration;
			buildSettings = {
				ASSETCATALOG_COMPILER_APPICON_NAME = AppIcon;
				INFOPLIST_FILE = "RunTimeTest/Supporting Files/Info.plist";
				LD_RUNPATH_SEARCH_PATHS = "$(inherited) @executable_path/Frameworks";
				PRODUCT_BUNDLE_IDENTIFIER = com.certne.RunTimeTest;
				PRODUCT_NAME = "$(TARGET_NAME)";
			};
			name = Release;
		};
/* End XCBuildConfiguration section */

/* Begin XCConfigurationList section */
		BD5642731C843C87005EAAF2 /* Build configuration list for PBXProject "RunTimeTest" */ = {
			isa = XCConfigurationList;
			buildConfigurations = (
				BD56428D1C843C87005EAAF2 /* Debug */,
				BD56428E1C843C87005EAAF2 /* Release */,
			);
			defaultConfigurationIsVisible = 0;
			defaultConfigurationName = Release;
		};
		BD56428F1C843C87005EAAF2 /* Build configuration list for PBXNativeTarget "RunTimeTest" */ = {
			isa = XCConfigurationList;
			buildConfigurations = (
				BD5642901C843C87005EAAF2 /* Debug */,
				BD5642911C843C87005EAAF2 /* Release */,
			);
			defaultConfigurationIsVisible = 0;
			defaultConfigurationName = Release;
		};
/* End XCConfigurationList section */
	};
	rootObject = BD5642701C843C87005EAAF2 /* Project object */;
}
